{
  "name": "Cafe_Management_System",
  "lockfileVersion": 2,
  "requires": true,
  "packages": {
    "": {
      "dependencies": {
        "@angular/flex-layout": "^14.0.0-beta.41",
        "@types/file-saver": "^2.0.5",
        "file-saver": "^2.0.5"
      }
    },
    "node_modules/@angular/flex-layout": {
      "version": "14.0.0-beta.41",
      "resolved": "https://registry.npmjs.org/@angular/flex-layout/-/flex-layout-14.0.0-beta.41.tgz",
      "integrity": "sha512-x1YcxqkdFlcbVXEy9ebCgW/F+7n/MXkEkwEcVEIPf5v5qn7HZsjQxgIj35Lf0amvMyF7h35prpoxO1uX5+ntFg==",
      "deprecated": "This package has been deprecated. Please see https://blog.angular.io/modern-css-in-angular-layouts-4a259dca9127",
      "dependencies": {
        "tslib": "^2.3.0"
      },
      "peerDependencies": {
        "@angular/cdk": "^14.0.0",
        "@angular/common": "^14.0.0",
        "@angular/core": "^14.0.0",
        "@angular/platform-browser": "^14.0.0",
        "rxjs": "^6.5.3 || ^7.4.0"
      }
    },
    "node_modules/@types/file-saver": {
      "version": "2.0.5",
      "resolved": "https://registry.npmjs.org/@types/file-saver/-/file-saver-2.0.5.tgz",
      "integrity": "sha512-zv9kNf3keYegP5oThGLaPk8E081DFDuwfqjtiTzm6PoxChdJ1raSuADf2YGCVIyrSynLrgc8JWv296s7Q7pQSQ=="
    },
    "node_modules/file-saver": {
      "version": "2.0.5",
      "resolved": "https://registry.npmjs.org/file-saver/-/file-saver-2.0.5.tgz",
      "integrity": "sha512-P9bmyZ3h/PRG+Nzga+rbdI4OEpNDzAVyy74uVO9ATgzLK6VtAsYybF/+TOCvrc0MO793d6+42lLyZTw7/ArVzA=="
    },
    "node_modules/tslib": {
      "version": "2.5.0",
      "resolved": "https://registry.npmjs.org/tslib/-/tslib-2.5.0.tgz",
      "integrity": "sha512-336iVw3rtn2BUK7ORdIAHTyxHGRIHVReokCR3XjbckJMK7ms8FysBfhLR8IXnAgy7T0PTPNBWKiH514FOW/WSg=="
    }
  },
  "dependencies": {
    "@angular/flex-layout": {
      "version": "14.0.0-beta.41",
      "resolved": "https://registry.npmjs.org/@angular/flex-layout/-/flex-layout-14.0.0-beta.41.tgz",
      "integrity": "sha512-x1YcxqkdFlcbVXEy9ebCgW/F+7n/MXkEkwEcVEIPf5v5qn7HZsjQxgIj35Lf0amvMyF7h35prpoxO1uX5+ntFg==",
      "requires": {
        "tslib": "^2.3.0"
      }
    },
    "@types/file-saver": {
      "version": "2.0.5",
      "resolved": "https://registry.npmjs.org/@types/file-saver/-/file-saver-2.0.5.tgz",
      "integrity": "sha512-zv9kNf3keYegP5oThGLaPk8E081DFDuwfqjtiTzm6PoxChdJ1raSuADf2YGCVIyrSynLrgc8JWv296s7Q7pQSQ=="
    },
    "file-saver": {
      "version": "2.0.5",
      "resolved": "https://registry.npmjs.org/file-saver/-/file-saver-2.0.5.tgz",
      "integrity": "sha512-P9bmyZ3h/PRG+Nzga+rbdI4OEpNDzAVyy74uVO9ATgzLK6VtAsYybF/+TOCvrc0MO793d6+42lLyZTw7/ArVzA=="
    },
    "tslib": {
      "version": "2.5.0",
      "resolved": "https://registry.npmjs.org/tslib/-/tslib-2.5.0.tgz",
      "integrity": "sha512-336iVw3rtn2BUK7ORdIAHTyxHGRIHVReokCR3XjbckJMK7ms8FysBfhLR8IXnAgy7T0PTPNBWKiH514FOW/WSg=="
    }
  }
}
